
Microsoft Visual Studio Solution File, Format Version 12.00
# Visual Studio Version 16
VisualStudioVersion = 16.0.30523.141
MinimumVisualStudioVersion = 10.0.40219.1
Project("{9A19103F-16F7-4668-BE54-9A1E7A4F7556}") = "ScratchPad", "src\ScratchPad.csproj", "{F4A978CB-731B-4DCC-9A87-C3D13B9E27D6}"
EndProject
Global
	GlobalSection(SolutionConfigurationPlatforms) = preSolution
		Debug|Any CPU = Debug|Any CPU
		Release|Any CPU = Release|Any CPU
	EndGlobalSection
	GlobalSection(ProjectConfigurationPlatforms) = postSolution
		{F4A978CB-731B-4DCC-9A87-C3D13B9E27D6}.Debug|Any CPU.ActiveCfg = Debug|Any CPU
		{F4A978CB-731B-4DCC-9A87-C3D13B9E27D6}.Debug|Any CPU.Build.0 = Debug|Any CPU
		{F4A978CB-731B-4DCC-9A87-C3D13B9E27D6}.Release|Any CPU.ActiveCfg = Release|Any CPU
		{F4A978CB-731B-4DCC-9A87-C3D13B9E27D6}.Release|Any CPU.Build.0 = Release|Any CPU
	EndGlobalSection
	GlobalSection(SolutionProperties) = preSolution
		HideSolutionNode = FALSE
	EndGlobalSection
	GlobalSection(ExtensibilityGlobals) = postSolution
		SolutionGuid = {6B2420C1-C27B-4195-8D58-EDE350761198}
	EndGlobalSection
EndGlobal
